{
    "requires": true,
    "lockfileVersion": 1,
    "dependencies": {
        "@ckeditor/ckeditor-cloud-services-core": {
            "version": "23.0.0",
            "resolved": "https://registry.npmjs.org/@ckeditor/ckeditor-cloud-services-core/-/ckeditor-cloud-services-core-23.0.0.tgz",
            "integrity": "sha512-n3fAgwXWW+5/VlY71cfin7Nwf4LRRtf+JiDQr27bnFKaZENKliEQx8xwrIhd8be0SpJXpjVAMnoTq83+Uhd01w==",
            "requires": {
                "@ckeditor/ckeditor5-utils": "^23.0.0"
            }
        },
        "@ckeditor/ckeditor5-alignment": {
            "version": "23.0.0",
            "resolved": "https://registry.npmjs.org/@ckeditor/ckeditor5-alignment/-/ckeditor5-alignment-23.0.0.tgz",
            "integrity": "sha512-UV1yYC9/u8Sc8+Y1mpHpPuXpBBmmOlk6NI3xZ6nvY73X3bIAbWZhLMO/IIrhrUGCvD1JbBPbkVhrBHdVdgxeaQ==",
            "requires": {
                "@ckeditor/ckeditor5-core": "^23.0.0",
                "@ckeditor/ckeditor5-ui": "^23.0.0"
            }
        },
        "@ckeditor/ckeditor5-cloud-services": {
            "version": "23.0.0",
            "resolved": "https://registry.npmjs.org/@ckeditor/ckeditor5-cloud-services/-/ckeditor5-cloud-services-23.0.0.tgz",
            "integrity": "sha512-iFqZOWpA/pNyAsMH/0boUIdBoNH9pYAYqTk3gXZ+9Zo5B4mJl1q/I91nHSxdq4khNLx/FlyaeCiZRXJ6GE+FWw==",
            "requires": {
                "@ckeditor/ckeditor-cloud-services-core": "^23.0.0",
                "@ckeditor/ckeditor5-core": "^23.0.0"
            }
        },
        "@ckeditor/ckeditor5-core": {
            "version": "23.0.0",
            "resolved": "https://registry.npmjs.org/@ckeditor/ckeditor5-core/-/ckeditor5-core-23.0.0.tgz",
            "integrity": "sha512-NjelymGQBJPnEplS0rN/y6oDCdg6+5BcFF5NffxCzzXyqrFguIVSzgSaBXB7ujwX6AkecvEPM7yN8UQg+8z98A==",
            "requires": {
                "@ckeditor/ckeditor5-engine": "^23.0.0",
                "@ckeditor/ckeditor5-utils": "^23.0.0",
                "lodash-es": "^4.17.15"
            }
        },
        "@ckeditor/ckeditor5-engine": {
            "version": "23.0.0",
            "resolved": "https://registry.npmjs.org/@ckeditor/ckeditor5-engine/-/ckeditor5-engine-23.0.0.tgz",
            "integrity": "sha512-DKYHxN7WORlX3HsgEXMlIaUQFfyGzg21aMA8vRIl3IZrDKdsyJILu63Z+CTs0NSP5CGZyOqwSPE20Pf5luQrUA==",
            "requires": {
                "@ckeditor/ckeditor5-utils": "^23.0.0",
                "lodash-es": "^4.17.15"
            }
        },
        "@ckeditor/ckeditor5-export-pdf": {
            "version": "23.0.0",
            "resolved": "https://registry.npmjs.org/@ckeditor/ckeditor5-export-pdf/-/ckeditor5-export-pdf-23.0.0.tgz",
            "integrity": "sha512-2xEHKIJmPqYDUe2dJ0Z2ajfXayDRUX+3YUSKz96rogVRqpspfBHZvSDWB9eOvU6efeSGVs4bD8N/6hIJfTWe2g==",
            "requires": {
                "@ckeditor/ckeditor5-cloud-services": ">=20.0.0",
                "@ckeditor/ckeditor5-core": ">=19.0.0",
                "@ckeditor/ckeditor5-ui": ">=19.0.0"
            }
        },
        "@ckeditor/ckeditor5-ui": {
            "version": "23.0.0",
            "resolved": "https://registry.npmjs.org/@ckeditor/ckeditor5-ui/-/ckeditor5-ui-23.0.0.tgz",
            "integrity": "sha512-X8RyCPMRWBYkb+Ze3e588JOGWfVz8C4cwkYbCHoKC9IaAnJhVeFngQIRMEP4+lTdqTEBW6q/5RZotKLlNOPY2g==",
            "requires": {
                "@ckeditor/ckeditor5-core": "^23.0.0",
                "@ckeditor/ckeditor5-utils": "^23.0.0",
                "lodash-es": "^4.17.15"
            }
        },
        "@ckeditor/ckeditor5-utils": {
            "version": "23.0.0",
            "resolved": "https://registry.npmjs.org/@ckeditor/ckeditor5-utils/-/ckeditor5-utils-23.0.0.tgz",
            "integrity": "sha512-el37RemQW207NBN3/DK5XNsFPiyno67bAAQ0Xw0nLqqgQhxPP+UyIWlG2F2Oa7eiVWg2/UdGgeQOOq/OV3ZYTA==",
            "requires": {
                "lodash-es": "^4.17.15"
            }
        },
        "lodash-es": {
            "version": "4.17.15",
            "resolved": "https://registry.npmjs.org/lodash-es/-/lodash-es-4.17.15.tgz",
            "integrity": "sha512-rlrc3yU3+JNOpZ9zj5pQtxnx2THmvRykwL4Xlxoa8I9lHBlVbbyPhgyPMioxVZ4NqyxaVVtaJnzsyOidQIhyyQ=="
        }
    }
}
